{
  "nodes": {
    "nixpkgs": {
      "locked": {
        "lastModified": 1605210985,
        "narHash": "sha256-T01PR/WVJPNknYIrBBxuWg3e9EbCX5rVlEPxGC6Bp9w=",
        "owner": "NixOS",
        "repo": "nixpkgs",
        "rev": "81ea11382038fd12a99c3deb14d7f5655beb8e78",
        "type": "github"
      },
      "original": {
        "id": "nixpkgs",
        "type": "indirect"
      }
    },
    "root": {
      "inputs": {
        "nixpkgs": "nixpkgs"
      }
    }
  },
  "root": "root",
  "version": 7
}
