{
  "nodes": {
    "nixpkgs": {
      "locked": {
        "lastModified": 1605294096,
        "narHash": "sha256-TMN4vfAAMtbb+Ng8dNPjzzps/HmmMRIJiUaUmq0sA2M=",
        "owner": "NixOS",
        "repo": "nixpkgs",
        "rev": "6e9b71f0e197a8e15a7b70eab6060147fa4ecaca",
        "type": "github"
      },
      "original": {
        "id": "nixpkgs",
        "type": "indirect"
      }
    },
    "root": {
      "inputs": {
        "nixpkgs": "nixpkgs"
      }
    }
  },
  "root": "root",
  "version": 7
}
